
Microsoft Visual Studio Solution File, Format Version 12.00
# Visual Studio Version 16
VisualStudioVersion = 16.0.29025.244
MinimumVisualStudioVersion = 10.0.40219.1
Project("{FAE04EC0-301F-11D3-BF4B-00C04F79EFBC}") = "Infrastructure", "Infrastructure\Infrastructure.csproj", "{9975333D-6C77-410E-8C68-AEB95FFDD1DD}"
EndProject
Project("{FAE04EC0-301F-11D3-BF4B-00C04F79EFBC}") = "WebAPI", "WebAPI\WebAPI.csproj", "{CCB2BFBE-FFA8-4836-ADB6-26E07DEF81B4}"
EndProject
Project("{FAE04EC0-301F-11D3-BF4B-00C04F79EFBC}") = "Model", "Model\Model.csproj", "{17B7D00B-23BD-41DF-BD2A-BC031ADF54CF}"
EndProject
Global
	GlobalSection(SolutionConfigurationPlatforms) = preSolution
		Debug|Any CPU = Debug|Any CPU
		Release|Any CPU = Release|Any CPU
	EndGlobalSection
	GlobalSection(ProjectConfigurationPlatforms) = postSolution
		{9975333D-6C77-410E-8C68-AEB95FFDD1DD}.Debug|Any CPU.ActiveCfg = Debug|Any CPU
		{9975333D-6C77-410E-8C68-AEB95FFDD1DD}.Debug|Any CPU.Build.0 = Debug|Any CPU
		{9975333D-6C77-410E-8C68-AEB95FFDD1DD}.Release|Any CPU.ActiveCfg = Release|Any CPU
		{9975333D-6C77-410E-8C68-AEB95FFDD1DD}.Release|Any CPU.Build.0 = Release|Any CPU
		{CCB2BFBE-FFA8-4836-ADB6-26E07DEF81B4}.Debug|Any CPU.ActiveCfg = Debug|Any CPU
		{CCB2BFBE-FFA8-4836-ADB6-26E07DEF81B4}.Debug|Any CPU.Build.0 = Debug|Any CPU
		{CCB2BFBE-FFA8-4836-ADB6-26E07DEF81B4}.Release|Any CPU.ActiveCfg = Release|Any CPU
		{CCB2BFBE-FFA8-4836-ADB6-26E07DEF81B4}.Release|Any CPU.Build.0 = Release|Any CPU
		{17B7D00B-23BD-41DF-BD2A-BC031ADF54CF}.Debug|Any CPU.ActiveCfg = Debug|Any CPU
		{17B7D00B-23BD-41DF-BD2A-BC031ADF54CF}.Debug|Any CPU.Build.0 = Debug|Any CPU
		{17B7D00B-23BD-41DF-BD2A-BC031ADF54CF}.Release|Any CPU.ActiveCfg = Release|Any CPU
		{17B7D00B-23BD-41DF-BD2A-BC031ADF54CF}.Release|Any CPU.Build.0 = Release|Any CPU
	EndGlobalSection
	GlobalSection(SolutionProperties) = preSolution
		HideSolutionNode = FALSE
	EndGlobalSection
	GlobalSection(ExtensibilityGlobals) = postSolution
		SolutionGuid = {73AAE656-061E-47D9-A8B1-9DE0DB1C7453}
	EndGlobalSection
EndGlobal
